Microsoft Visual Studio Solution File, Format Version 12.00
# Visual Studio Version 17
VisualStudioVersion = 17.5.2.0
MinimumVisualStudioVersion = 10.0.40219.1
Project("{FAE04EC0-301F-11D3-BF4B-00C04F79EFBC}") = "Bloque1App", "Bloque1App.csproj", "{0E5E4FF5-9AE3-72AD-3D98-0E50013FB51C}"
EndProject
Global
	GlobalSection(SolutionConfigurationPlatforms) = preSolution
		Debug|Any CPU = Debug|Any CPU
		Release|Any CPU = Release|Any CPU
	EndGlobalSection
	GlobalSection(ProjectConfigurationPlatforms) = postSolution
		{0E5E4FF5-9AE3-72AD-3D98-0E50013FB51C}.Debug|Any CPU.ActiveCfg = Debug|Any CPU
		{0E5E4FF5-9AE3-72AD-3D98-0E50013FB51C}.Debug|Any CPU.Build.0 = Debug|Any CPU
		{0E5E4FF5-9AE3-72AD-3D98-0E50013FB51C}.Release|Any CPU.ActiveCfg = Release|Any CPU
		{0E5E4FF5-9AE3-72AD-3D98-0E50013FB51C}.Release|Any CPU.Build.0 = Release|Any CPU
	EndGlobalSection
	GlobalSection(SolutionProperties) = preSolution
		HideSolutionNode = FALSE
	EndGlobalSection
	GlobalSection(ExtensibilityGlobals) = postSolution
		SolutionGuid = {E5F43002-C9CA-4330-AE42-27DF452816DC}
	EndGlobalSection
EndGlobal
